
Microsoft Visual Studio Solution File, Format Version 12.00
# Visual Studio Version 16
VisualStudioVersion = 16.0.32428.217
MinimumVisualStudioVersion = 10.0.40219.1
Project("{FAE04EC0-301F-11D3-BF4B-00C04F79EFBC}") = "capcha", "capcha\capcha.csproj", "{478783B4-5C54-49ED-94CD-D5F898933763}"
EndProject
Global
	GlobalSection(SolutionConfigurationPlatforms) = preSolution
		Debug|Any CPU = Debug|Any CPU
		Release|Any CPU = Release|Any CPU
	EndGlobalSection
	GlobalSection(ProjectConfigurationPlatforms) = postSolution
		{478783B4-5C54-49ED-94CD-D5F898933763}.Debug|Any CPU.ActiveCfg = Debug|Any CPU
		{478783B4-5C54-49ED-94CD-D5F898933763}.Debug|Any CPU.Build.0 = Debug|Any CPU
		{478783B4-5C54-49ED-94CD-D5F898933763}.Release|Any CPU.ActiveCfg = Release|Any CPU
		{478783B4-5C54-49ED-94CD-D5F898933763}.Release|Any CPU.Build.0 = Release|Any CPU
	EndGlobalSection
	GlobalSection(SolutionProperties) = preSolution
		HideSolutionNode = FALSE
	EndGlobalSection
	GlobalSection(ExtensibilityGlobals) = postSolution
		SolutionGuid = {164027BB-C13D-46DC-B17E-E1A08E906113}
	EndGlobalSection
EndGlobal
